
Microsoft Visual Studio Solution File, Format Version 12.00
# Visual Studio Version 16
VisualStudioVersion = 16.0.32228.343
MinimumVisualStudioVersion = 10.0.40219.1
Project("{FAE04EC0-301F-11D3-BF4B-00C04F79EFBC}") = "ConsoleApp15", "ConsoleApp15\ConsoleApp15.csproj", "{4156B024-F8C4-4397-8F21-0ABEF24CE28C}"
EndProject
Global
	GlobalSection(SolutionConfigurationPlatforms) = preSolution
		Debug|Any CPU = Debug|Any CPU
		Release|Any CPU = Release|Any CPU
	EndGlobalSection
	GlobalSection(ProjectConfigurationPlatforms) = postSolution
		{4156B024-F8C4-4397-8F21-0ABEF24CE28C}.Debug|Any CPU.ActiveCfg = Debug|Any CPU
		{4156B024-F8C4-4397-8F21-0ABEF24CE28C}.Debug|Any CPU.Build.0 = Debug|Any CPU
		{4156B024-F8C4-4397-8F21-0ABEF24CE28C}.Release|Any CPU.ActiveCfg = Release|Any CPU
		{4156B024-F8C4-4397-8F21-0ABEF24CE28C}.Release|Any CPU.Build.0 = Release|Any CPU
	EndGlobalSection
	GlobalSection(SolutionProperties) = preSolution
		HideSolutionNode = FALSE
	EndGlobalSection
	GlobalSection(ExtensibilityGlobals) = postSolution
		SolutionGuid = {731A540E-DBB9-4034-AB81-282A75567B8A}
	EndGlobalSection
EndGlobal
